
Microsoft Visual Studio Solution File, Format Version 12.00
# Visual Studio Version 18
VisualStudioVersion = 18.6.11822.322
MinimumVisualStudioVersion = 10.0.40219.1
Project("{FAE04EC0-301F-11D3-BF4B-00C04F79EFBC}") = "PharmacyApi", "PharmacyApi.csproj", "{90056D33-2D23-4498-EF1B-DCB1B40B82FD}"
EndProject
Project("{FAE04EC0-301F-11D3-BF4B-00C04F79EFBC}") = "PharmacyHardwareAgent", "..\hardware-agent\PharmacyHardwareAgent.csproj", "{AF0616C0-5953-435C-911F-7DEDC35E62A9}"
EndProject
Global
	GlobalSection(SolutionConfigurationPlatforms) = preSolution
		Debug|Any CPU = Debug|Any CPU
		Debug|x64 = Debug|x64
		Debug|x86 = Debug|x86
		Release|Any CPU = Release|Any CPU
		Release|x64 = Release|x64
		Release|x86 = Release|x86
	EndGlobalSection
	GlobalSection(ProjectConfigurationPlatforms) = postSolution
		{90056D33-2D23-4498-EF1B-DCB1B40B82FD}.Debug|Any CPU.ActiveCfg = Debug|Any CPU
		{90056D33-2D23-4498-EF1B-DCB1B40B82FD}.Debug|Any CPU.Build.0 = Debug|Any CPU
		{90056D33-2D23-4498-EF1B-DCB1B40B82FD}.Debug|x64.ActiveCfg = Debug|Any CPU
		{90056D33-2D23-4498-EF1B-DCB1B40B82FD}.Debug|x64.Build.0 = Debug|Any CPU
		{90056D33-2D23-4498-EF1B-DCB1B40B82FD}.Debug|x86.ActiveCfg = Debug|Any CPU
		{90056D33-2D23-4498-EF1B-DCB1B40B82FD}.Debug|x86.Build.0 = Debug|Any CPU
		{90056D33-2D23-4498-EF1B-DCB1B40B82FD}.Release|Any CPU.ActiveCfg = Release|Any CPU
		{90056D33-2D23-4498-EF1B-DCB1B40B82FD}.Release|Any CPU.Build.0 = Release|Any CPU
		{90056D33-2D23-4498-EF1B-DCB1B40B82FD}.Release|x64.ActiveCfg = Release|Any CPU
		{90056D33-2D23-4498-EF1B-DCB1B40B82FD}.Release|x64.Build.0 = Release|Any CPU
		{90056D33-2D23-4498-EF1B-DCB1B40B82FD}.Release|x86.ActiveCfg = Release|Any CPU
		{90056D33-2D23-4498-EF1B-DCB1B40B82FD}.Release|x86.Build.0 = Release|Any CPU
		{AF0616C0-5953-435C-911F-7DEDC35E62A9}.Debug|Any CPU.ActiveCfg = Debug|Any CPU
		{AF0616C0-5953-435C-911F-7DEDC35E62A9}.Debug|Any CPU.Build.0 = Debug|Any CPU
		{AF0616C0-5953-435C-911F-7DEDC35E62A9}.Debug|x64.ActiveCfg = Debug|Any CPU
		{AF0616C0-5953-435C-911F-7DEDC35E62A9}.Debug|x64.Build.0 = Debug|Any CPU
		{AF0616C0-5953-435C-911F-7DEDC35E62A9}.Debug|x86.ActiveCfg = Debug|Any CPU
		{AF0616C0-5953-435C-911F-7DEDC35E62A9}.Debug|x86.Build.0 = Debug|Any CPU
		{AF0616C0-5953-435C-911F-7DEDC35E62A9}.Release|Any CPU.ActiveCfg = Release|Any CPU
		{AF0616C0-5953-435C-911F-7DEDC35E62A9}.Release|Any CPU.Build.0 = Release|Any CPU
		{AF0616C0-5953-435C-911F-7DEDC35E62A9}.Release|x64.ActiveCfg = Release|Any CPU
		{AF0616C0-5953-435C-911F-7DEDC35E62A9}.Release|x64.Build.0 = Release|Any CPU
		{AF0616C0-5953-435C-911F-7DEDC35E62A9}.Release|x86.ActiveCfg = Release|Any CPU
		{AF0616C0-5953-435C-911F-7DEDC35E62A9}.Release|x86.Build.0 = Release|Any CPU
	EndGlobalSection
	GlobalSection(SolutionProperties) = preSolution
		HideSolutionNode = FALSE
	EndGlobalSection
	GlobalSection(ExtensibilityGlobals) = postSolution
		SolutionGuid = {C87F1314-9393-4049-8D37-D6A1FE7DB940}
	EndGlobalSection
EndGlobal
